// !$*UTF8*$!
{
	archiveVersion = 1;
	classes = {
	};
	objectVersion = 50;
	objects = {

/* Begin PBXBuildFile section */
		C8E1EE6C26CD61A400BCC878 /* iPhoneSpoofingApp.swift in Sources */ = {isa = PBXBuildFile; fileRef = C8E1EE6B26CD61A400BCC878 /* iPhoneSpoofingApp.swift */; };
		C8E1EE6E26CD61A400BCC878 /* ContentView.swift in Sources */ = {isa = PBXBuildFile; fileRef = C8E1EE6D26CD61A400BCC878 /* ContentView.swift */; };
		C8E1EE7026CD61A600BCC878 /* Assets.xcassets in Resources */ = {isa = PBXBuildFile; fileRef = C8E1EE6F26CD61A600BCC878 /* Assets.xcassets */; };
		C8E1EE7326CD61A600BCC878 /* Preview Assets.xcassets in Resources */ = {isa = PBXBuildFile; fileRef = C8E1EE7226CD61A600BCC878 /* Preview Assets.xcassets */; };
		C8E1EE7E26CD61A600BCC878 /* iPhoneSpoofingTests.swift in Sources */ = {isa = PBXBuildFile; fileRef = C8E1EE7D26CD61A600BCC878 /* iPhoneSpoofingTests.swift */; };
		C8E1EE8926CD61A600BCC878 /* iPhoneSpoofingUITests.swift in Sources */ = {isa = PBXBuildFile; fileRef = C8E1EE8826CD61A600BCC878 /* iPhoneSpoofingUITests.swift */; };
/* End PBXBuildFile section */

/* Begin PBXContainerItemProxy section */
		C8E1EE7A26CD61A600BCC878 /* PBXContainerItemProxy */ = {
			isa = PBXContainerItemProxy;
			containerPortal = C8E1EE6026CD61A400BCC878 /* Project object */;
			proxyType = 1;
			remoteGlobalIDString = C8E1EE6726CD61A400BCC878;
			remoteInfo = iPhoneSpoofing;
		};
		C8E1EE8526CD61A600BCC878 /* PBXContainerItemProxy */ = {
			isa = PBXContainerItemProxy;
			containerPortal = C8E1EE6026CD61A400BCC878 /* Project object */;
			proxyType = 1;
			remoteGlobalIDString = C8E1EE6726CD61A400BCC878;
			remoteInfo = iPhoneSpoofing;
		};
/* End PBXContainerItemProxy section */

/* Begin PBXFileReference section */
		C8E1EE6826CD61A400BCC878 /* iPhoneSpoofing.app */ = {isa = PBXFileReference; explicitFileType = wrapper.application; includeInIndex = 0; path = iPhoneSpoofing.app; sourceTree = BUILT_PRODUCTS_DIR; };
		C8E1EE6B26CD61A400BCC878 /* iPhoneSpoofingApp.swift */ = {isa = PBXFileReference; lastKnownFileType = sourcecode.swift; path = iPhoneSpoofingApp.swift; sourceTree = "<group>"; };
		C8E1EE6D26CD61A400BCC878 /* ContentView.swift */ = {isa = PBXFileReference; lastKnownFileType = sourcecode.swift; path = ContentView.swift; sourceTree = "<group>"; };
		C8E1EE6F26CD61A600BCC878 /* Assets.xcassets */ = {isa = PBXFileReference; lastKnownFileType = folder.assetcatalog; path = Assets.xcassets; sourceTree = "<group>"; };
		C8E1EE7226CD61A600BCC878 /* Preview Assets.xcassets */ = {isa = PBXFileReference; lastKnownFileType = folder.assetcatalog; path = "Preview Assets.xcassets"; sourceTree = "<group>"; };
		C8E1EE7426CD61A600BCC878 /* Info.plist */ = {isa = PBXFileReference; lastKnownFileType = text.plist.xml; path = Info.plist; sourceTree = "<group>"; };
		C8E1EE7926CD61A600BCC878 /* iPhoneSpoofingTests.xctest */ = {isa = PBXFileReference; explicitFileType = wrapper.cfbundle; includeInIndex = 0; path = iPhoneSpoofingTests.xctest; sourceTree = BUILT_PRODUCTS_DIR; };
		C8E1EE7D26CD61A600BCC878 /* iPhoneSpoofingTests.swift */ = {isa = PBXFileReference; lastKnownFileType = sourcecode.swift; path = iPhoneSpoofingTests.swift; sourceTree = "<group>"; };
		C8E1EE7F26CD61A600BCC878 /* Info.plist */ = {isa = PBXFileReference; lastKnownFileType = text.plist.xml; path = Info.plist; sourceTree = "<group>"; };
		C8E1EE8426CD61A600BCC878 /* iPhoneSpoofingUITests.xctest */ = {isa = PBXFileReference; explicitFileType = wrapper.cfbundle; includeInIndex = 0; path = iPhoneSpoofingUITests.xctest; sourceTree = BUILT_PRODUCTS_DIR; };
		C8E1EE8826CD61A600BCC878 /* iPhoneSpoofingUITests.swift */ = {isa = PBXFileReference; lastKnownFileType = sourcecode.swift; path = iPhoneSpoofingUITests.swift; sourceTree = "<group>"; };
		C8E1EE8A26CD61A600BCC878 /* Info.plist */ = {isa = PBXFileReference; lastKnownFileType = text.plist.xml; path = Info.plist; sourceTree = "<group>"; };
		C8E1EE9926CD62FE00BCC878 /* EgyptSpoofing.gpx */ = {isa = PBXFileReference; lastKnownFileType = text.xml; path = EgyptSpoofing.gpx; sourceTree = "<group>"; };
/* End PBXFileReference section */

/* Begin PBXFrameworksBuildPhase section */
		C8E1EE6526CD61A400BCC878 /* Frameworks */ = {
			isa = PBXFrameworksBuildPhase;
			buildActionMask = 2147483647;
			files = (
			);
			runOnlyForDeploymentPostprocessing = 0;
		};
		C8E1EE7626CD61A600BCC878 /* Frameworks */ = {
			isa = PBXFrameworksBuildPhase;
			buildActionMask = 2147483647;
			files = (
			);
			runOnlyForDeploymentPostprocessing = 0;
		};
		C8E1EE8126CD61A600BCC878 /* Frameworks */ = {
			isa = PBXFrameworksBuildPhase;
			buildActionMask = 2147483647;
			files = (
			);
			runOnlyForDeploymentPostprocessing = 0;
		};
/* End PBXFrameworksBuildPhase section */

/* Begin PBXGroup section */
		C8E1EE5F26CD61A400BCC878 = {
			isa = PBXGroup;
			children = (
				C8E1EE9926CD62FE00BCC878 /* EgyptSpoofing.gpx */,
				C8E1EE6A26CD61A400BCC878 /* iPhoneSpoofing */,
				C8E1EE7C26CD61A600BCC878 /* iPhoneSpoofingTests */,
				C8E1EE8726CD61A600BCC878 /* iPhoneSpoofingUITests */,
				C8E1EE6926CD61A400BCC878 /* Products */,
			);
			sourceTree = "<group>";
		};
		C8E1EE6926CD61A400BCC878 /* Products */ = {
			isa = PBXGroup;
			children = (
				C8E1EE6826CD61A400BCC878 /* iPhoneSpoofing.app */,
				C8E1EE7926CD61A600BCC878 /* iPhoneSpoofingTests.xctest */,
				C8E1EE8426CD61A600BCC878 /* iPhoneSpoofingUITests.xctest */,
			);
			name = Products;
			sourceTree = "<group>";
		};
		C8E1EE6A26CD61A400BCC878 /* iPhoneSpoofing */ = {
			isa = PBXGroup;
			children = (
				C8E1EE6B26CD61A400BCC878 /* iPhoneSpoofingApp.swift */,
				C8E1EE6D26CD61A400BCC878 /* ContentView.swift */,
				C8E1EE6F26CD61A600BCC878 /* Assets.xcassets */,
				C8E1EE7426CD61A600BCC878 /* Info.plist */,
				C8E1EE7126CD61A600BCC878 /* Preview Content */,
			);
			path = iPhoneSpoofing;
			sourceTree = "<group>";
		};
		C8E1EE7126CD61A600BCC878 /* Preview Content */ = {
			isa = PBXGroup;
			children = (
				C8E1EE7226CD61A600BCC878 /* Preview Assets.xcassets */,
			);
			path = "Preview Content";
			sourceTree = "<group>";
		};
		C8E1EE7C26CD61A600BCC878 /* iPhoneSpoofingTests */ = {
			isa = PBXGroup;
			children = (
				C8E1EE7D26CD61A600BCC878 /* iPhoneSpoofingTests.swift */,
				C8E1EE7F26CD61A600BCC878 /* Info.plist */,
			);
			path = iPhoneSpoofingTests;
			sourceTree = "<group>";
		};
		C8E1EE8726CD61A600BCC878 /* iPhoneSpoofingUITests */ = {
			isa = PBXGroup;
			children = (
				C8E1EE8826CD61A600BCC878 /* iPhoneSpoofingUITests.swift */,
				C8E1EE8A26CD61A600BCC878 /* Info.plist */,
			);
			path = iPhoneSpoofingUITests;
			sourceTree = "<group>";
		};
/* End PBXGroup section */

/* Begin PBXNativeTarget section */
		C8E1EE6726CD61A400BCC878 /* iPhoneSpoofing */ = {
			isa = PBXNativeTarget;
			buildConfigurationList = C8E1EE8D26CD61A600BCC878 /* Build configuration list for PBXNativeTarget "iPhoneSpoofing" */;
			buildPhases = (
				C8E1EE6426CD61A400BCC878 /* Sources */,
				C8E1EE6526CD61A400BCC878 /* Frameworks */,
				C8E1EE6626CD61A400BCC878 /* Resources */,
			);
			buildRules = (
			);
			dependencies = (
			);
			name = iPhoneSpoofing;
			productName = iPhoneSpoofing;
			productReference = C8E1EE6826CD61A400BCC878 /* iPhoneSpoofing.app */;
			productType = "com.apple.product-type.application";
		};
		C8E1EE7826CD61A600BCC878 /* iPhoneSpoofingTests */ = {
			isa = PBXNativeTarget;
			buildConfigurationList = C8E1EE9026CD61A600BCC878 /* Build configuration list for PBXNativeTarget "iPhoneSpoofingTests" */;
			buildPhases = (
				C8E1EE7526CD61A600BCC878 /* Sources */,
				C8E1EE7626CD61A600BCC878 /* Frameworks */,
				C8E1EE7726CD61A600BCC878 /* Resources */,
			);
			buildRules = (
			);
			dependencies = (
				C8E1EE7B26CD61A600BCC878 /* PBXTargetDependency */,
			);
			name = iPhoneSpoofingTests;
			productName = iPhoneSpoofingTests;
			productReference = C8E1EE7926CD61A600BCC878 /* iPhoneSpoofingTests.xctest */;
			productType = "com.apple.product-type.bundle.unit-test";
		};
		C8E1EE8326CD61A600BCC878 /* iPhoneSpoofingUITests */ = {
			isa = PBXNativeTarget;
			buildConfigurationList = C8E1EE9326CD61A600BCC878 /* Build configuration list for PBXNativeTarget "iPhoneSpoofingUITests" */;
			buildPhases = (
				C8E1EE8026CD61A600BCC878 /* Sources */,
				C8E1EE8126CD61A600BCC878 /* Frameworks */,
				C8E1EE8226CD61A600BCC878 /* Resources */,
			);
			buildRules = (
			);
			dependencies = (
				C8E1EE8626CD61A600BCC878 /* PBXTargetDependency */,
			);
			name = iPhoneSpoofingUITests;
			productName = iPhoneSpoofingUITests;
			productReference = C8E1EE8426CD61A600BCC878 /* iPhoneSpoofingUITests.xctest */;
			productType = "com.apple.product-type.bundle.ui-testing";
		};
/* End PBXNativeTarget section */

/* Begin PBXProject section */
		C8E1EE6026CD61A400BCC878 /* Project object */ = {
			isa = PBXProject;
			attributes = {
				LastSwiftUpdateCheck = 1240;
				LastUpgradeCheck = 1240;
				TargetAttributes = {
					C8E1EE6726CD61A400BCC878 = {
						CreatedOnToolsVersion = 12.4;
					};
					C8E1EE7826CD61A600BCC878 = {
						CreatedOnToolsVersion = 12.4;
						TestTargetID = C8E1EE6726CD61A400BCC878;
					};
					C8E1EE8326CD61A600BCC878 = {
						CreatedOnToolsVersion = 12.4;
						TestTargetID = C8E1EE6726CD61A400BCC878;
					};
				};
			};
			buildConfigurationList = C8E1EE6326CD61A400BCC878 /* Build configuration list for PBXProject "iPhoneSpoofing" */;
			compatibilityVersion = "Xcode 9.3";
			developmentRegion = en;
			hasScannedForEncodings = 0;
			knownRegions = (
				en,
				Base,
			);
			mainGroup = C8E1EE5F26CD61A400BCC878;
			productRefGroup = C8E1EE6926CD61A400BCC878 /* Products */;
			projectDirPath = "";
			projectRoot = "";
			targets = (
				C8E1EE6726CD61A400BCC878 /* iPhoneSpoofing */,
				C8E1EE7826CD61A600BCC878 /* iPhoneSpoofingTests */,
				C8E1EE8326CD61A600BCC878 /* iPhoneSpoofingUITests */,
			);
		};
/* End PBXProject section */

/* Begin PBXResourcesBuildPhase section */
		C8E1EE6626CD61A400BCC878 /* Resources */ = {
			isa = PBXResourcesBuildPhase;
			buildActionMask = 2147483647;
			files = (
				C8E1EE7326CD61A600BCC878 /* Preview Assets.xcassets in Resources */,
				C8E1EE7026CD61A600BCC878 /* Assets.xcassets in Resources */,
			);
			runOnlyForDeploymentPostprocessing = 0;
		};
		C8E1EE7726CD61A600BCC878 /* Resources */ = {
			isa = PBXResourcesBuildPhase;
			buildActionMask = 2147483647;
			files = (
			);
			runOnlyForDeploymentPostprocessing = 0;
		};
		C8E1EE8226CD61A600BCC878 /* Resources */ = {
			isa = PBXResourcesBuildPhase;
			buildActionMask = 2147483647;
			files = (
			);
			runOnlyForDeploymentPostprocessing = 0;
		};
/* End PBXResourcesBuildPhase section */

/* Begin PBXSourcesBuildPhase section */
		C8E1EE6426CD61A400BCC878 /* Sources */ = {
			isa = PBXSourcesBuildPhase;
			buildActionMask = 2147483647;
			files = (
				C8E1EE6E26CD61A400BCC878 /* ContentView.swift in Sources */,
				C8E1EE6C26CD61A400BCC878 /* iPhoneSpoofingApp.swift in Sources */,
			);
			runOnlyForDeploymentPostprocessing = 0;
		};
		C8E1EE7526CD61A600BCC878 /* Sources */ = {
			isa = PBXSourcesBuildPhase;
			buildActionMask = 2147483647;
			files = (
				C8E1EE7E26CD61A600BCC878 /* iPhoneSpoofingTests.swift in Sources */,
			);
			runOnlyForDeploymentPostprocessing = 0;
		};
		C8E1EE8026CD61A600BCC878 /* Sources */ = {
			isa = PBXSourcesBuildPhase;
			buildActionMask = 2147483647;
			files = (
				C8E1EE8926CD61A600BCC878 /* iPhoneSpoofingUITests.swift in Sources */,
			);
			runOnlyForDeploymentPostprocessing = 0;
		};
/* End PBXSourcesBuildPhase section */

/* Begin PBXTargetDependency section */
		C8E1EE7B26CD61A600BCC878 /* PBXTargetDependency */ = {
			isa = PBXTargetDependency;
			target = C8E1EE6726CD61A400BCC878 /* iPhoneSpoofing */;
			targetProxy = C8E1EE7A26CD61A600BCC878 /* PBXContainerItemProxy */;
		};
		C8E1EE8626CD61A600BCC878 /* PBXTargetDependency */ = {
			isa = PBXTargetDependency;
			target = C8E1EE6726CD61A400BCC878 /* iPhoneSpoofing */;
			targetProxy = C8E1EE8526CD61A600BCC878 /* PBXContainerItemProxy */;
		};
/* End PBXTargetDependency section */

/* Begin XCBuildConfiguration section */
		C8E1EE8B26CD61A600BCC878 /* Debug */ = {
			isa = XCBuildConfiguration;
			buildSettings = {
				ALWAYS_SEARCH_USER_PATHS = NO;
				CLANG_ANALYZER_NONNULL = YES;
				CLANG_ANALYZER_NUMBER_OBJECT_CONVERSION = YES_AGGRESSIVE;
				CLANG_CXX_LANGUAGE_STANDARD = "gnu++14";
				CLANG_CXX_LIBRARY = "libc++";
				CLANG_ENABLE_MODULES = YES;
				CLANG_ENABLE_OBJC_ARC = YES;
				CLANG_ENABLE_OBJC_WEAK = YES;
				CLANG_WARN_BLOCK_CAPTURE_AUTORELEASING = YES;
				CLANG_WARN_BOOL_CONVERSION = YES;
				CLANG_WARN_COMMA = YES;
				CLANG_WARN_CONSTANT_CONVERSION = YES;
				CLANG_WARN_DEPRECATED_OBJC_IMPLEMENTATIONS = YES;
				CLANG_WARN_DIRECT_OBJC_ISA_USAGE = YES_ERROR;
				CLANG_WARN_DOCUMENTATION_COMMENTS = YES;
				CLANG_WARN_EMPTY_BODY = YES;
				CLANG_WARN_ENUM_CONVERSION = YES;
				CLANG_WARN_INFINITE_RECURSION = YES;
				CLANG_WARN_INT_CONVERSION = YES;
				CLANG_WARN_NON_LITERAL_NULL_CONVERSION = YES;
				CLANG_WARN_OBJC_IMPLICIT_RETAIN_SELF = YES;
				CLANG_WARN_OBJC_LITERAL_CONVERSION = YES;
				CLANG_WARN_OBJC_ROOT_CLASS = YES_ERROR;
				CLANG_WARN_QUOTED_INCLUDE_IN_FRAMEWORK_HEADER = YES;
				CLANG_WARN_RANGE_LOOP_ANALYSIS = YES;
				CLANG_WARN_STRICT_PROTOTYPES = YES;
				CLANG_WARN_SUSPICIOUS_MOVE = YES;
				CLANG_WARN_UNGUARDED_AVAILABILITY = YES_AGGRESSIVE;
				CLANG_WARN_UNREACHABLE_CODE = YES;
				CLANG_WARN__DUPLICATE_METHOD_MATCH = YES;
				COPY_PHASE_STRIP = NO;
				DEBUG_INFORMATION_FORMAT = dwarf;
				ENABLE_STRICT_OBJC_MSGSEND = YES;
				ENABLE_TESTABILITY = YES;
				GCC_C_LANGUAGE_STANDARD = gnu11;
				GCC_DYNAMIC_NO_PIC = NO;
				GCC_NO_COMMON_BLOCKS = YES;
				GCC_OPTIMIZATION_LEVEL = 0;
				GCC_PREPROCESSOR_DEFINITIONS = (
					"DEBUG=1",
					"$(inherited)",
				);
				GCC_WARN_64_TO_32_BIT_CONVERSION = YES;
				GCC_WARN_ABOUT_RETURN_TYPE = YES_ERROR;
				GCC_WARN_UNDECLARED_SELECTOR = YES;
				GCC_WARN_UNINITIALIZED_AUTOS = YES_AGGRESSIVE;
				GCC_WARN_UNUSED_FUNCTION = YES;
				GCC_WARN_UNUSED_VARIABLE = YES;
				IPHONEOS_DEPLOYMENT_TARGET = 14.4;
				MTL_ENABLE_DEBUG_INFO = INCLUDE_SOURCE;
				MTL_FAST_MATH = YES;
				ONLY_ACTIVE_ARCH = YES;
				SDKROOT = iphoneos;
				SWIFT_ACTIVE_COMPILATION_CONDITIONS = DEBUG;
				SWIFT_OPTIMIZATION_LEVEL = "-Onone";
			};
			name = Debug;
		};
		C8E1EE8C26CD61A600BCC878 /* Release */ = {
			isa = XCBuildConfiguration;
			buildSettings = {
				ALWAYS_SEARCH_USER_PATHS = NO;
				CLANG_ANALYZER_NONNULL = YES;
				CLANG_ANALYZER_NUMBER_OBJECT_CONVERSION = YES_AGGRESSIVE;
				CLANG_CXX_LANGUAGE_STANDARD = "gnu++14";
				CLANG_CXX_LIBRARY = "libc++";
				CLANG_ENABLE_MODULES = YES;
				CLANG_ENABLE_OBJC_ARC = YES;
				CLANG_ENABLE_OBJC_WEAK = YES;
				CLANG_WARN_BLOCK_CAPTURE_AUTORELEASING = YES;
				CLANG_WARN_BOOL_CONVERSION = YES;
				CLANG_WARN_COMMA = YES;
				CLANG_WARN_CONSTANT_CONVERSION = YES;
				CLANG_WARN_DEPRECATED_OBJC_IMPLEMENTATIONS = YES;
				CLANG_WARN_DIRECT_OBJC_ISA_USAGE = YES_ERROR;
				CLANG_WARN_DOCUMENTATION_COMMENTS = YES;
				CLANG_WARN_EMPTY_BODY = YES;
				CLANG_WARN_ENUM_CONVERSION = YES;
				CLANG_WARN_INFINITE_RECURSION = YES;
				CLANG_WARN_INT_CONVERSION = YES;
				CLANG_WARN_NON_LITERAL_NULL_CONVERSION = YES;
				CLANG_WARN_OBJC_IMPLICIT_RETAIN_SELF = YES;
				CLANG_WARN_OBJC_LITERAL_CONVERSION = YES;
				CLANG_WARN_OBJC_ROOT_CLASS = YES_ERROR;
				CLANG_WARN_QUOTED_INCLUDE_IN_FRAMEWORK_HEADER = YES;
				CLANG_WARN_RANGE_LOOP_ANALYSIS = YES;
				CLANG_WARN_STRICT_PROTOTYPES = YES;
				CLANG_WARN_SUSPICIOUS_MOVE = YES;
				CLANG_WARN_UNGUARDED_AVAILABILITY = YES_AGGRESSIVE;
				CLANG_WARN_UNREACHABLE_CODE = YES;
				CLANG_WARN__DUPLICATE_METHOD_MATCH = YES;
				COPY_PHASE_STRIP = NO;
				DEBUG_INFORMATION_FORMAT = "dwarf-with-dsym";
				ENABLE_NS_ASSERTIONS = NO;
				ENABLE_STRICT_OBJC_MSGSEND = YES;
				GCC_C_LANGUAGE_STANDARD = gnu11;
				GCC_NO_COMMON_BLOCKS = YES;
				GCC_WARN_64_TO_32_BIT_CONVERSION = YES;
				GCC_WARN_ABOUT_RETURN_TYPE = YES_ERROR;
				GCC_WARN_UNDECLARED_SELECTOR = YES;
				GCC_WARN_UNINITIALIZED_AUTOS = YES_AGGRESSIVE;
				GCC_WARN_UNUSED_FUNCTION = YES;
				GCC_WARN_UNUSED_VARIABLE = YES;
				IPHONEOS_DEPLOYMENT_TARGET = 14.4;
				MTL_ENABLE_DEBUG_INFO = NO;
				MTL_FAST_MATH = YES;
				SDKROOT = iphoneos;
				SWIFT_COMPILATION_MODE = wholemodule;
				SWIFT_OPTIMIZATION_LEVEL = "-O";
				VALIDATE_PRODUCT = YES;
			};
			name = Release;
		};
		C8E1EE8E26CD61A600BCC878 /* Debug */ = {
			isa = XCBuildConfiguration;
			buildSettings = {
				ASSETCATALOG_COMPILER_APPICON_NAME = AppIcon;
				ASSETCATALOG_COMPILER_GLOBAL_ACCENT_COLOR_NAME = AccentColor;
				CODE_SIGN_STYLE = Automatic;
				DEVELOPMENT_ASSET_PATHS = "\"iPhoneSpoofing/Preview Content\"";
				DEVELOPMENT_TEAM = WZ3DS639LX;
				ENABLE_PREVIEWS = YES;
				INFOPLIST_FILE = iPhoneSpoofing/Info.plist;
				IPHONEOS_DEPLOYMENT_TARGET = 14.0;
				LD_RUNPATH_SEARCH_PATHS = (
					"$(inherited)",
					"@executable_path/Frameworks",
				);
				PRODUCT_BUNDLE_IDENTIFIER = "io.appium.apple-samplecode.UICatalog.iPhoneSpoofing";
				PRODUCT_NAME = "$(TARGET_NAME)";
				SWIFT_VERSION = 5.0;
				TARGETED_DEVICE_FAMILY = "1,2";
			};
			name = Debug;
		};
		C8E1EE8F26CD61A600BCC878 /* Release */ = {
			isa = XCBuildConfiguration;
			buildSettings = {
				ASSETCATALOG_COMPILER_APPICON_NAME = AppIcon;
				ASSETCATALOG_COMPILER_GLOBAL_ACCENT_COLOR_NAME = AccentColor;
				CODE_SIGN_STYLE = Automatic;
				DEVELOPMENT_ASSET_PATHS = "\"iPhoneSpoofing/Preview Content\"";
				DEVELOPMENT_TEAM = WZ3DS639LX;
				ENABLE_PREVIEWS = YES;
				INFOPLIST_FILE = iPhoneSpoofing/Info.plist;
				IPHONEOS_DEPLOYMENT_TARGET = 14.0;
				LD_RUNPATH_SEARCH_PATHS = (
					"$(inherited)",
					"@executable_path/Frameworks",
				);
				PRODUCT_BUNDLE_IDENTIFIER = "io.appium.apple-samplecode.UICatalog.iPhoneSpoofing";
				PRODUCT_NAME = "$(TARGET_NAME)";
				SWIFT_VERSION = 5.0;
				TARGETED_DEVICE_FAMILY = "1,2";
			};
			name = Release;
		};
		C8E1EE9126CD61A600BCC878 /* Debug */ = {
			isa = XCBuildConfiguration;
			buildSettings = {
				ALWAYS_EMBED_SWIFT_STANDARD_LIBRARIES = YES;
				BUNDLE_LOADER = "$(TEST_HOST)";
				CODE_SIGN_STYLE = Automatic;
				DEVELOPMENT_TEAM = WZ3DS639LX;
				INFOPLIST_FILE = iPhoneSpoofingTests/Info.plist;
				IPHONEOS_DEPLOYMENT_TARGET = 14.0;
				LD_RUNPATH_SEARCH_PATHS = (
					"$(inherited)",
					"@executable_path/Frameworks",
					"@loader_path/Frameworks",
				);
				PRODUCT_BUNDLE_IDENTIFIER = "io.appium.apple-samplecode.UICatalog.iPhoneSpoofingTests";
				PRODUCT_NAME = "$(TARGET_NAME)";
				SWIFT_VERSION = 5.0;
				TARGETED_DEVICE_FAMILY = "1,2";
				TEST_HOST = "$(BUILT_PRODUCTS_DIR)/iPhoneSpoofing.app/iPhoneSpoofing";
			};
			name = Debug;
		};
		C8E1EE9226CD61A600BCC878 /* Release */ = {
			isa = XCBuildConfiguration;
			buildSettings = {
				ALWAYS_EMBED_SWIFT_STANDARD_LIBRARIES = YES;
				BUNDLE_LOADER = "$(TEST_HOST)";
				CODE_SIGN_STYLE = Automatic;
				DEVELOPMENT_TEAM = WZ3DS639LX;
				INFOPLIST_FILE = iPhoneSpoofingTests/Info.plist;
				IPHONEOS_DEPLOYMENT_TARGET = 14.0;
				LD_RUNPATH_SEARCH_PATHS = (
					"$(inherited)",
					"@executable_path/Frameworks",
					"@loader_path/Frameworks",
				);
				PRODUCT_BUNDLE_IDENTIFIER = "io.appium.apple-samplecode.UICatalog.iPhoneSpoofingTests";
				PRODUCT_NAME = "$(TARGET_NAME)";
				SWIFT_VERSION = 5.0;
				TARGETED_DEVICE_FAMILY = "1,2";
				TEST_HOST = "$(BUILT_PRODUCTS_DIR)/iPhoneSpoofing.app/iPhoneSpoofing";
			};
			name = Release;
		};
		C8E1EE9426CD61A600BCC878 /* Debug */ = {
			isa = XCBuildConfiguration;
			buildSettings = {
				ALWAYS_EMBED_SWIFT_STANDARD_LIBRARIES = YES;
				"CODE_SIGN_IDENTITY[sdk=macosx*]" = "Apple Development";
				CODE_SIGN_STYLE = Automatic;
				DEVELOPMENT_TEAM = WZ3DS639LX;
				INFOPLIST_FILE = iPhoneSpoofingUITests/Info.plist;
				LD_RUNPATH_SEARCH_PATHS = (
					"$(inherited)",
					"@executable_path/Frameworks",
					"@loader_path/Frameworks",
				);
				PRODUCT_BUNDLE_IDENTIFIER = "io.appium.apple-samplecode.UICatalog.iPhoneSpoofingUITests";
				PRODUCT_NAME = "$(TARGET_NAME)";
				SWIFT_VERSION = 5.0;
				TARGETED_DEVICE_FAMILY = "1,2";
				TEST_TARGET_NAME = iPhoneSpoofing;
			};
			name = Debug;
		};
		C8E1EE9526CD61A600BCC878 /* Release */ = {
			isa = XCBuildConfiguration;
			buildSettings = {
				ALWAYS_EMBED_SWIFT_STANDARD_LIBRARIES = YES;
				"CODE_SIGN_IDENTITY[sdk=macosx*]" = "Apple Development";
				CODE_SIGN_STYLE = Automatic;
				DEVELOPMENT_TEAM = WZ3DS639LX;
				INFOPLIST_FILE = iPhoneSpoofingUITests/Info.plist;
				LD_RUNPATH_SEARCH_PATHS = (
					"$(inherited)",
					"@executable_path/Frameworks",
					"@loader_path/Frameworks",
				);
				PRODUCT_BUNDLE_IDENTIFIER = "io.appium.apple-samplecode.UICatalog.iPhoneSpoofingUITests";
				PRODUCT_NAME = "$(TARGET_NAME)";
				SWIFT_VERSION = 5.0;
				TARGETED_DEVICE_FAMILY = "1,2";
				TEST_TARGET_NAME = iPhoneSpoofing;
			};
			name = Release;
		};
/* End XCBuildConfiguration section */

/* Begin XCConfigurationList section */
		C8E1EE6326CD61A400BCC878 /* Build configuration list for PBXProject "iPhoneSpoofing" */ = {
			isa = XCConfigurationList;
			buildConfigurations = (
				C8E1EE8B26CD61A600BCC878 /* Debug */,
				C8E1EE8C26CD61A600BCC878 /* Release */,
			);
			defaultConfigurationIsVisible = 0;
			defaultConfigurationName = Release;
		};
		C8E1EE8D26CD61A600BCC878 /* Build configuration list for PBXNativeTarget "iPhoneSpoofing" */ = {
			isa = XCConfigurationList;
			buildConfigurations = (
				C8E1EE8E26CD61A600BCC878 /* Debug */,
				C8E1EE8F26CD61A600BCC878 /* Release */,
			);
			defaultConfigurationIsVisible = 0;
			defaultConfigurationName = Release;
		};
		C8E1EE9026CD61A600BCC878 /* Build configuration list for PBXNativeTarget "iPhoneSpoofingTests" */ = {
			isa = XCConfigurationList;
			buildConfigurations = (
				C8E1EE9126CD61A600BCC878 /* Debug */,
				C8E1EE9226CD61A600BCC878 /* Release */,
			);
			defaultConfigurationIsVisible = 0;
			defaultConfigurationName = Release;
		};
		C8E1EE9326CD61A600BCC878 /* Build configuration list for PBXNativeTarget "iPhoneSpoofingUITests" */ = {
			isa = XCConfigurationList;
			buildConfigurations = (
				C8E1EE9426CD61A600BCC878 /* Debug */,
				C8E1EE9526CD61A600BCC878 /* Release */,
			);
			defaultConfigurationIsVisible = 0;
			defaultConfigurationName = Release;
		};
/* End XCConfigurationList section */
	};
	rootObject = C8E1EE6026CD61A400BCC878 /* Project object */;
}
